items:
- uid: System.Reflection.Metadata.MethodBodyBlock
  href: System.Reflection.Metadata.MethodBodyBlock.yml
  name: MethodBodyBlock
  fullName: System.Reflection.Metadata.MethodBodyBlock
  type: Class
  source:
    remote: &o0
      branch: master
      repo: https://github.com/dotnet/corefx.git
    path: src/System.Reflection.Metadata/src/System/Reflection/Metadata/MethodBodyBlock.cs
    startLine: 11
  syntax:
    content:
      CSharp: public sealed class MethodBodyBlock
  inheritance:
  - id: System.Object
    name: System.Object
    isExternal: true
  id: System.Reflection.Metadata.MethodBodyBlock
  children:
  - System.Reflection.Metadata.MethodBodyBlock.Size
  - System.Reflection.Metadata.MethodBodyBlock.MaxStack
  - System.Reflection.Metadata.MethodBodyBlock.LocalVariablesInitialized
  - System.Reflection.Metadata.MethodBodyBlock.LocalSignature
  - System.Reflection.Metadata.MethodBodyBlock.ExceptionRegions
  - System.Reflection.Metadata.MethodBodyBlock.GetILBytes
  - System.Reflection.Metadata.MethodBodyBlock.GetILContent
  - System.Reflection.Metadata.MethodBodyBlock.GetILReader
  - System.Reflection.Metadata.MethodBodyBlock.Create(System.Reflection.Metadata.BlobReader)
- uid: System.Reflection.Metadata.MethodBodyBlock.Size
  href: System.Reflection.Metadata.MethodBodyBlock.yml
  name: Size
  fullName: System.Reflection.Metadata.MethodBodyBlock.Size
  type: Property
  source:
    remote: *o0
    path: src/System.Reflection.Metadata/src/System/Reflection/Metadata/MethodBodyBlock.cs
    startLine: 41
  summary: Size of the method body - includes the header, IL and exception regions.
  syntax:
    content:
      CSharp: public int Size { get; }
    parameters:
    - id: Size
      type:
        id: System.Int32
        name: System.Int32
        isExternal: true
  id: System.Reflection.Metadata.MethodBodyBlock.Size
- uid: System.Reflection.Metadata.MethodBodyBlock.MaxStack
  href: System.Reflection.Metadata.MethodBodyBlock.yml
  name: MaxStack
  fullName: System.Reflection.Metadata.MethodBodyBlock.MaxStack
  type: Property
  source:
    remote: *o0
    path: src/System.Reflection.Metadata/src/System/Reflection/Metadata/MethodBodyBlock.cs
    startLine: 46
  syntax:
    content:
      CSharp: public int MaxStack { get; }
    parameters:
    - id: MaxStack
      type:
        id: System.Int32
        name: System.Int32
        isExternal: true
  id: System.Reflection.Metadata.MethodBodyBlock.MaxStack
- uid: System.Reflection.Metadata.MethodBodyBlock.LocalVariablesInitialized
  href: System.Reflection.Metadata.MethodBodyBlock.yml
  name: LocalVariablesInitialized
  fullName: System.Reflection.Metadata.MethodBodyBlock.LocalVariablesInitialized
  type: Property
  source:
    remote: *o0
    path: src/System.Reflection.Metadata/src/System/Reflection/Metadata/MethodBodyBlock.cs
    startLine: 51
  syntax:
    content:
      CSharp: public bool LocalVariablesInitialized { get; }
    parameters:
    - id: LocalVariablesInitialized
      type:
        id: System.Boolean
        name: System.Boolean
        isExternal: true
  id: System.Reflection.Metadata.MethodBodyBlock.LocalVariablesInitialized
- uid: System.Reflection.Metadata.MethodBodyBlock.LocalSignature
  href: System.Reflection.Metadata.MethodBodyBlock.yml
  name: LocalSignature
  fullName: System.Reflection.Metadata.MethodBodyBlock.LocalSignature
  type: Property
  source:
    remote: *o0
    path: src/System.Reflection.Metadata/src/System/Reflection/Metadata/MethodBodyBlock.cs
    startLine: 56
  syntax:
    content:
      CSharp: public StandaloneSignatureHandle LocalSignature { get; }
    parameters:
    - id: LocalSignature
      type:
        id: System.Reflection.Metadata.StandaloneSignatureHandle
        name: StandaloneSignatureHandle
        href: System.Reflection.Metadata.StandaloneSignatureHandle.yml
  id: System.Reflection.Metadata.MethodBodyBlock.LocalSignature
- uid: System.Reflection.Metadata.MethodBodyBlock.ExceptionRegions
  href: System.Reflection.Metadata.MethodBodyBlock.yml
  name: ExceptionRegions
  fullName: System.Reflection.Metadata.MethodBodyBlock.ExceptionRegions
  type: Property
  source:
    remote: *o0
    path: src/System.Reflection.Metadata/src/System/Reflection/Metadata/MethodBodyBlock.cs
    startLine: 61
  syntax:
    content:
      CSharp: public ImmutableArray<ExceptionRegion> ExceptionRegions { get; }
    parameters:
    - id: ExceptionRegions
      type:
        id: ImmutableArray{System.Reflection.Metadata.ExceptionRegion}
        name: ImmutableArray{System.Reflection.Metadata.ExceptionRegion}
        isExternal: true
  id: System.Reflection.Metadata.MethodBodyBlock.ExceptionRegions
- uid: System.Reflection.Metadata.MethodBodyBlock.GetILBytes
  href: System.Reflection.Metadata.MethodBodyBlock.yml
  name: GetILBytes()
  fullName: System.Reflection.Metadata.MethodBodyBlock.GetILBytes()
  type: Method
  source:
    remote: *o0
    path: src/System.Reflection.Metadata/src/System/Reflection/Metadata/MethodBodyBlock.cs
    startLine: 66
  syntax:
    content:
      CSharp: public byte[] GetILBytes()
    parameters: []
    return: {}
  id: System.Reflection.Metadata.MethodBodyBlock.GetILBytes
- uid: System.Reflection.Metadata.MethodBodyBlock.GetILContent
  href: System.Reflection.Metadata.MethodBodyBlock.yml
  name: GetILContent()
  fullName: System.Reflection.Metadata.MethodBodyBlock.GetILContent()
  type: Method
  source:
    remote: *o0
    path: src/System.Reflection.Metadata/src/System/Reflection/Metadata/MethodBodyBlock.cs
    startLine: 71
  syntax:
    content:
      CSharp: public ImmutableArray<byte> GetILContent()
    parameters: []
    return:
      id: ImmutableArray
  id: System.Reflection.Metadata.MethodBodyBlock.GetILContent
- uid: System.Reflection.Metadata.MethodBodyBlock.GetILReader
  href: System.Reflection.Metadata.MethodBodyBlock.yml
  name: GetILReader()
  fullName: System.Reflection.Metadata.MethodBodyBlock.GetILReader()
  type: Method
  source:
    remote: *o0
    path: src/System.Reflection.Metadata/src/System/Reflection/Metadata/MethodBodyBlock.cs
    startLine: 77
  syntax:
    content:
      CSharp: public BlobReader GetILReader()
    parameters: []
    return:
      id: BlobReader
  id: System.Reflection.Metadata.MethodBodyBlock.GetILReader
- uid: System.Reflection.Metadata.MethodBodyBlock.Create(System.Reflection.Metadata.BlobReader)
  href: System.Reflection.Metadata.MethodBodyBlock.yml
  name: Create(BlobReader)
  fullName: System.Reflection.Metadata.MethodBodyBlock.Create(System.Reflection.Metadata.BlobReader)
  type: Method
  source:
    remote: *o0
    path: src/System.Reflection.Metadata/src/System/Reflection/Metadata/MethodBodyBlock.cs
    startLine: 95
  syntax:
    content:
      CSharp: public static MethodBodyBlock Create(BlobReader reader)
    parameters:
    - id: reader
      type:
        id: System.Reflection.Metadata.BlobReader
        name: BlobReader
        href: System.Reflection.Metadata.BlobReader.yml
    return:
      id: MethodBodyBlock
  id: System.Reflection.Metadata.MethodBodyBlock.Create(System.Reflection.Metadata.BlobReader)
