id: System.Threading.Tasks.Dataflow.IDataflowBlock
href: System.Threading.Tasks.Dataflow.IDataflowBlock.yaml
name:
  CSharp: IDataflowBlock
qualifiedName:
  CSharp: System.Threading.Tasks.Dataflow.IDataflowBlock
type: Interface
source:
  remote: &o0
    branch: master
    repo: https://github.com/dotnet/corefx.git
  path: src/System.Threading.Tasks.Dataflow/src/Base/IDataflowBlock.cs
  startLine: 15
summary: Represents a dataflow block.
syntax:
  content:
    CSharp: public interface IDataflowBlock
items:
- id: System.Threading.Tasks.Dataflow.IDataflowBlock.Completion
  href: System.Threading.Tasks.Dataflow.IDataflowBlock.yaml
  name:
    CSharp: Completion
  qualifiedName:
    CSharp: System.Threading.Tasks.Dataflow.IDataflowBlock.Completion
  type: Property
  source:
    remote: *o0
    path: src/System.Threading.Tasks.Dataflow/src/Base/IDataflowBlock.cs
    startLine: 20
  syntax:
    content:
      CSharp: Task Completion { get; }
    parameters:
    - id: Completion
      type:
        id: System.Threading.Tasks.Task
        name: System.Threading.Tasks.Task
        isExternal: true
- id: System.Threading.Tasks.Dataflow.IDataflowBlock.Complete
  href: System.Threading.Tasks.Dataflow.IDataflowBlock.yaml
  name:
    CSharp: Complete
  qualifiedName:
    CSharp: System.Threading.Tasks.Dataflow.IDataflowBlock.Complete
  type: Method
  source:
    remote: *o0
    path: src/System.Threading.Tasks.Dataflow/src/Base/IDataflowBlock.cs
    startLine: 23
  syntax:
    content:
      CSharp: void Complete();
    parameters: []
    return:
      id: Void
- id: System.Threading.Tasks.Dataflow.IDataflowBlock.Fault(System.Exception)
  href: System.Threading.Tasks.Dataflow.IDataflowBlock.yaml
  name:
    CSharp: Fault
  qualifiedName:
    CSharp: System.Threading.Tasks.Dataflow.IDataflowBlock.Fault(System.Exception)
  type: Method
  source:
    remote: *o0
    path: src/System.Threading.Tasks.Dataflow/src/Base/IDataflowBlock.cs
    startLine: 28
  syntax:
    content:
      CSharp: void Fault(Exception exception);
    parameters:
    - id: exception
      type:
        id: System.Exception
        name: System.Exception
        isExternal: true
    return:
      id: Void
