items:
- uid: System.Linq.Expressions.CatchBlock
  href: System.Linq.Expressions.CatchBlock.yml
  name: CatchBlock
  fullName: System.Linq.Expressions.CatchBlock
  type: Class
  source:
    remote: &o0
      path: src/System.Linq.Expressions/src/System/Linq/Expressions/CatchBlock.cs
      branch: master
      repo: https://github.com/dotnet/corefx.git
      key: 882a41e3
    path: src/System.Linq.Expressions/src/System/Linq/Expressions/CatchBlock.cs
    startLine: 13
  summary: >-
    Represents a catch statement in a try block.

    This must have the same return type (i.e., the type of [CatchBlock.Body]()) as the try block it is associated with.
  syntax:
    content:
      CSharp: public sealed class CatchBlock
  inheritance:
  - id: System.Object
    name: object
    isExternal: true
  id: System.Linq.Expressions.CatchBlock
  children:
  - System.Linq.Expressions.CatchBlock.Variable
  - System.Linq.Expressions.CatchBlock.Test
  - System.Linq.Expressions.CatchBlock.Body
  - System.Linq.Expressions.CatchBlock.Filter
  - System.Linq.Expressions.CatchBlock.ToString
  - System.Linq.Expressions.CatchBlock.Update(System.Linq.Expressions.ParameterExpression,System.Linq.Expressions.Expression,System.Linq.Expressions.Expression)
- uid: System.Linq.Expressions.CatchBlock.Variable
  href: System.Linq.Expressions.CatchBlock.yml
  name: Variable
  fullName: System.Linq.Expressions.CatchBlock.Variable
  type: Property
  source:
    remote: *o0
    path: src/System.Linq.Expressions/src/System/Linq/Expressions/CatchBlock.cs
    startLine: 32
  summary: Gets a reference to the [System.Exception]() object caught by this handler.
  syntax:
    content:
      CSharp: public ParameterExpression Variable { get; }
    parameters:
    - id: Variable
      type:
        id: System.Linq.Expressions.ParameterExpression
        name: ParameterExpression
        href: System.Linq.Expressions.ParameterExpression.yml
  id: System.Linq.Expressions.CatchBlock.Variable
- uid: System.Linq.Expressions.CatchBlock.Test
  href: System.Linq.Expressions.CatchBlock.yml
  name: Test
  fullName: System.Linq.Expressions.CatchBlock.Test
  type: Property
  source:
    remote: *o0
    path: src/System.Linq.Expressions/src/System/Linq/Expressions/CatchBlock.cs
    startLine: 40
  summary: Gets the type of [System.Exception]() this handler catches.
  syntax:
    content:
      CSharp: public Type Test { get; }
    parameters:
    - id: Test
      type:
        id: System.Type
        name: Type
        isExternal: true
  id: System.Linq.Expressions.CatchBlock.Test
- uid: System.Linq.Expressions.CatchBlock.Body
  href: System.Linq.Expressions.CatchBlock.yml
  name: Body
  fullName: System.Linq.Expressions.CatchBlock.Body
  type: Property
  source:
    remote: *o0
    path: src/System.Linq.Expressions/src/System/Linq/Expressions/CatchBlock.cs
    startLine: 48
  summary: Gets the body of the catch block.
  syntax:
    content:
      CSharp: public Expression Body { get; }
    parameters:
    - id: Body
      type:
        id: System.Linq.Expressions.Expression
        name: Expression
        href: System.Linq.Expressions.Expression.yml
  id: System.Linq.Expressions.CatchBlock.Body
- uid: System.Linq.Expressions.CatchBlock.Filter
  href: System.Linq.Expressions.CatchBlock.yml
  name: Filter
  fullName: System.Linq.Expressions.CatchBlock.Filter
  type: Property
  source:
    remote: *o0
    path: src/System.Linq.Expressions/src/System/Linq/Expressions/CatchBlock.cs
    startLine: 56
  summary: Gets the body of the [System.Linq.Expressions.CatchBlock](System.Linq.Expressions.CatchBlock.yml)'s filter.
  syntax:
    content:
      CSharp: public Expression Filter { get; }
    parameters:
    - id: Filter
      type:
        id: System.Linq.Expressions.Expression
        name: Expression
        href: System.Linq.Expressions.Expression.yml
  id: System.Linq.Expressions.CatchBlock.Filter
- uid: System.Linq.Expressions.CatchBlock.ToString
  href: System.Linq.Expressions.CatchBlock.yml
  name: ToString()
  fullName: System.Linq.Expressions.CatchBlock.ToString()
  type: Method
  source:
    remote: *o0
    path: src/System.Linq.Expressions/src/System/Linq/Expressions/CatchBlock.cs
    startLine: 68
  summary: Returns a [System.String]() that represents the current [System.Object]().
  syntax:
    content:
      CSharp: public override string ToString()
    parameters: []
    return:
      id: String
      type:
        id: System.String
        name: string
        isExternal: true
      description: A [System.String]() that represents the current [System.Object]().
  id: System.Linq.Expressions.CatchBlock.ToString
- uid: System.Linq.Expressions.CatchBlock.Update(System.Linq.Expressions.ParameterExpression,System.Linq.Expressions.Expression,System.Linq.Expressions.Expression)
  href: System.Linq.Expressions.CatchBlock.yml
  name: Update(ParameterExpression, Expression, Expression)
  fullName: System.Linq.Expressions.CatchBlock.Update(System.Linq.Expressions.ParameterExpression, System.Linq.Expressions.Expression, System.Linq.Expressions.Expression)
  type: Method
  source:
    remote: *o0
    path: src/System.Linq.Expressions/src/System/Linq/Expressions/CatchBlock.cs
    startLine: 82
  summary: >-
    Creates a new expression that is like this one, but using the

    supplied children. If all of the children are the same, it will

    return this expression.
  syntax:
    content:
      CSharp: public CatchBlock Update(ParameterExpression variable, Expression filter, Expression body)
    parameters:
    - id: variable
      type:
        id: System.Linq.Expressions.ParameterExpression
        name: ParameterExpression
        href: System.Linq.Expressions.ParameterExpression.yml
      description: The [System.Linq.Expressions.CatchBlock.Variable](System.Linq.Expressions.CatchBlock.yml) property of the result.
    - id: filter
      type:
        id: System.Linq.Expressions.Expression
        name: Expression
        href: System.Linq.Expressions.Expression.yml
      description: The [System.Linq.Expressions.CatchBlock.Filter](System.Linq.Expressions.CatchBlock.yml) property of the result.
    - id: body
      type:
        id: System.Linq.Expressions.Expression
        name: Expression
        href: System.Linq.Expressions.Expression.yml
      description: The [System.Linq.Expressions.CatchBlock.Body](System.Linq.Expressions.CatchBlock.yml) property of the result.
    return:
      id: CatchBlock
      type:
        id: System.Linq.Expressions.CatchBlock
        name: CatchBlock
        href: System.Linq.Expressions.CatchBlock.yml
      description: This expression if no children changed, or an expression with the updated children.
  id: System.Linq.Expressions.CatchBlock.Update(System.Linq.Expressions.ParameterExpression,System.Linq.Expressions.Expression,System.Linq.Expressions.Expression)
