items:
- uid: System.Threading.Tasks.Dataflow.IDataflowBlock
  href: System.Threading.Tasks.Dataflow.IDataflowBlock.yml
  name: IDataflowBlock
  fullName: System.Threading.Tasks.Dataflow.IDataflowBlock
  type: Interface
  source:
    remote: &o0
      branch: master
      repo: https://github.com/dotnet/corefx.git
    path: src/System.Threading.Tasks.Dataflow/src/Base/IDataflowBlock.cs
    startLine: 15
  summary: Represents a dataflow block.
  syntax:
    content:
      CSharp: public interface IDataflowBlock
  id: System.Threading.Tasks.Dataflow.IDataflowBlock
  children:
  - System.Threading.Tasks.Dataflow.IDataflowBlock.Completion
  - System.Threading.Tasks.Dataflow.IDataflowBlock.Complete
  - System.Threading.Tasks.Dataflow.IDataflowBlock.Fault(System.Exception)
- uid: System.Threading.Tasks.Dataflow.IDataflowBlock.Completion
  href: System.Threading.Tasks.Dataflow.IDataflowBlock.yml
  name: Completion
  fullName: System.Threading.Tasks.Dataflow.IDataflowBlock.Completion
  type: Property
  source:
    remote: *o0
    path: src/System.Threading.Tasks.Dataflow/src/Base/IDataflowBlock.cs
    startLine: 20
  syntax:
    content:
      CSharp: Task Completion { get; }
    parameters:
    - id: Completion
      type:
        id: System.Threading.Tasks.Task
        name: System.Threading.Tasks.Task
        isExternal: true
  id: System.Threading.Tasks.Dataflow.IDataflowBlock.Completion
- uid: System.Threading.Tasks.Dataflow.IDataflowBlock.Complete
  href: System.Threading.Tasks.Dataflow.IDataflowBlock.yml
  name: Complete()
  fullName: System.Threading.Tasks.Dataflow.IDataflowBlock.Complete()
  type: Method
  source:
    remote: *o0
    path: src/System.Threading.Tasks.Dataflow/src/Base/IDataflowBlock.cs
    startLine: 23
  syntax:
    content:
      CSharp: void Complete();
    parameters: []
  id: System.Threading.Tasks.Dataflow.IDataflowBlock.Complete
- uid: System.Threading.Tasks.Dataflow.IDataflowBlock.Fault(System.Exception)
  href: System.Threading.Tasks.Dataflow.IDataflowBlock.yml
  name: Fault(Exception)
  fullName: System.Threading.Tasks.Dataflow.IDataflowBlock.Fault(System.Exception)
  type: Method
  source:
    remote: *o0
    path: src/System.Threading.Tasks.Dataflow/src/Base/IDataflowBlock.cs
    startLine: 28
  syntax:
    content:
      CSharp: void Fault(Exception exception);
    parameters:
    - id: exception
      type:
        id: System.Exception
        name: System.Exception
        isExternal: true
  id: System.Threading.Tasks.Dataflow.IDataflowBlock.Fault(System.Exception)
