items:
- uid: Nine.Graphics.UI.Controls.TextBlock
  href: Nine.Graphics.UI.Controls.TextBlock.yml
  name: TextBlock
  fullName: Nine.Graphics.UI.Controls.TextBlock
  type: Class
  source:
    remote: &o0
      path: Source/Nine.Graphics.UI/Controls/TextBlock.cs
      branch: master
      repo: https://github.com/studio-nine/Nine.git
      key: 2eecd03a
    path: Source/Nine.Graphics.UI/Controls/TextBlock.cs
    startLine: 39
  summary: Control to display a flow of Content
  syntax:
    content:
      CSharp: 'public class TextBlock : UIElement, IAttachedPropertyStore, IComponent'
  inheritance:
  - id: System.Object
    name: object
    isExternal: true
  - id: Nine.Object
    name: Object
    href: Nine.Object
  - id: Nine.Graphics.UI.UIElement
    name: UIElement
    href: Nine.Graphics.UI.UIElement.yml
  id: Nine.Graphics.UI.Controls.TextBlock
  children:
  - Nine.Graphics.UI.Controls.TextBlock.Font
  - Nine.Graphics.UI.Controls.TextBlock.Foreground
  - Nine.Graphics.UI.Controls.TextBlock.Padding
  - Nine.Graphics.UI.Controls.TextBlock.Text
  - Nine.Graphics.UI.Controls.TextBlock.Wrapping
  - Nine.Graphics.UI.Controls.TextBlock.FontSize
  - Nine.Graphics.UI.Controls.TextBlock.#ctor
  - Nine.Graphics.UI.Controls.TextBlock.#ctor(SpriteFont)
  - Nine.Graphics.UI.Controls.TextBlock.#ctor(SpriteFont,System.String)
  - Nine.Graphics.UI.Controls.TextBlock.OnMouseDown(Nine.MouseEventArgs)
  - Nine.Graphics.UI.Controls.TextBlock.OnRender(Nine.Graphics.UI.Renderer.Renderer)
  - Nine.Graphics.UI.Controls.TextBlock.ArrangeOverride(Vector2)
  - Nine.Graphics.UI.Controls.TextBlock.MeasureOverride(Vector2)
- uid: Nine.Graphics.UI.Controls.TextBlock.Font
  href: Nine.Graphics.UI.Controls.TextBlock.yml
  name: Font
  fullName: Nine.Graphics.UI.Controls.TextBlock.Font
  type: Property
  source:
    remote: *o0
    path: Source/Nine.Graphics.UI/Controls/TextBlock.cs
    startLine: 48
  summary: Gets or sets the Current Font.
  syntax:
    content:
      CSharp: public SpriteFont Font { get; set; }
    parameters:
    - id: Font
      type:
        id: SpriteFont
        name: SpriteFont
        isExternal: true
  id: Nine.Graphics.UI.Controls.TextBlock.Font
- uid: Nine.Graphics.UI.Controls.TextBlock.Foreground
  href: Nine.Graphics.UI.Controls.TextBlock.yml
  name: Foreground
  fullName: Nine.Graphics.UI.Controls.TextBlock.Foreground
  type: Property
  source:
    remote: *o0
    path: Source/Nine.Graphics.UI/Controls/TextBlock.cs
    startLine: 53
  summary: Gets or sets the Font Color.
  syntax:
    content:
      CSharp: public SolidColorBrush Foreground { get; set; }
    parameters:
    - id: Foreground
      type:
        id: Nine.Graphics.UI.Media.SolidColorBrush
        name: SolidColorBrush
        href: Nine.Graphics.UI.Media.SolidColorBrush.yml
  id: Nine.Graphics.UI.Controls.TextBlock.Foreground
- uid: Nine.Graphics.UI.Controls.TextBlock.Padding
  href: Nine.Graphics.UI.Controls.TextBlock.yml
  name: Padding
  fullName: Nine.Graphics.UI.Controls.TextBlock.Padding
  type: Property
  source:
    remote: *o0
    path: Source/Nine.Graphics.UI/Controls/TextBlock.cs
    startLine: 58
  summary: Gets or sets the Padding.
  syntax:
    content:
      CSharp: public Thickness Padding { get; set; }
    parameters:
    - id: Padding
      type:
        id: Nine.Graphics.UI.Thickness
        name: Thickness
        href: Nine.Graphics.UI.Thickness.yml
  id: Nine.Graphics.UI.Controls.TextBlock.Padding
- uid: Nine.Graphics.UI.Controls.TextBlock.Text
  href: Nine.Graphics.UI.Controls.TextBlock.yml
  name: Text
  fullName: Nine.Graphics.UI.Controls.TextBlock.Text
  type: Property
  source:
    remote: *o0
    path: Source/Nine.Graphics.UI/Controls/TextBlock.cs
    startLine: 63
  summary: Gets or sets the Current Displaying Text.
  syntax:
    content:
      CSharp: public string Text { get; set; }
    parameters:
    - id: Text
      type:
        id: System.String
        name: string
        isExternal: true
  id: Nine.Graphics.UI.Controls.TextBlock.Text
- uid: Nine.Graphics.UI.Controls.TextBlock.Wrapping
  href: Nine.Graphics.UI.Controls.TextBlock.yml
  name: Wrapping
  fullName: Nine.Graphics.UI.Controls.TextBlock.Wrapping
  type: Property
  source:
    remote: *o0
    path: Source/Nine.Graphics.UI/Controls/TextBlock.cs
    startLine: 77
  summary: Gets or sets the Current Text Wrapping.
  syntax:
    content:
      CSharp: public TextWrapping Wrapping { get; set; }
    parameters:
    - id: Wrapping
      type:
        id: Nine.Graphics.UI.TextWrapping
        name: TextWrapping
        href: Nine.Graphics.UI.TextWrapping.yml
  id: Nine.Graphics.UI.Controls.TextBlock.Wrapping
- uid: Nine.Graphics.UI.Controls.TextBlock.FontSize
  href: Nine.Graphics.UI.Controls.TextBlock.yml
  name: FontSize
  fullName: Nine.Graphics.UI.Controls.TextBlock.FontSize
  type: Property
  source:
    remote: *o0
    path: Source/Nine.Graphics.UI/Controls/TextBlock.cs
    startLine: 79
  syntax:
    content:
      CSharp: public Vector2 FontSize { get; set; }
    parameters:
    - id: FontSize
      type:
        id: Vector2
        name: Vector2
        isExternal: true
  id: Nine.Graphics.UI.Controls.TextBlock.FontSize
- uid: Nine.Graphics.UI.Controls.TextBlock.#ctor
  href: Nine.Graphics.UI.Controls.TextBlock.yml
  name: TextBlock()
  fullName: Nine.Graphics.UI.Controls.TextBlock.TextBlock()
  type: Constructor
  source:
    remote: *o0
    path: Source/Nine.Graphics.UI/Controls/TextBlock.cs
    startLine: 92
  summary: Initializes a new instance of [Nine.Graphics.UI.Controls.TextBlock](api/Nine.Graphics.UI.Controls.TextBlock.yml) without font.
  syntax:
    content:
      CSharp: public TextBlock()
    parameters: []
  id: Nine.Graphics.UI.Controls.TextBlock.#ctor
- uid: Nine.Graphics.UI.Controls.TextBlock.#ctor(SpriteFont)
  href: Nine.Graphics.UI.Controls.TextBlock.yml
  name: TextBlock(SpriteFont)
  fullName: Nine.Graphics.UI.Controls.TextBlock.TextBlock(SpriteFont)
  type: Constructor
  source:
    remote: *o0
    path: Source/Nine.Graphics.UI/Controls/TextBlock.cs
    startLine: 102
  summary: Initializes a new instance of [Nine.Graphics.UI.Controls.TextBlock](api/Nine.Graphics.UI.Controls.TextBlock.yml) with font.
  syntax:
    content:
      CSharp: 'public TextBlock(SpriteFont Font): this (Font, string.Empty)'
    parameters:
    - id: Font
      type:
        id: SpriteFont
        name: SpriteFont
        isExternal: true
      description: Font
  id: Nine.Graphics.UI.Controls.TextBlock.#ctor(SpriteFont)
- uid: Nine.Graphics.UI.Controls.TextBlock.#ctor(SpriteFont,System.String)
  href: Nine.Graphics.UI.Controls.TextBlock.yml
  name: TextBlock(SpriteFont, string)
  fullName: Nine.Graphics.UI.Controls.TextBlock.TextBlock(SpriteFont, string)
  type: Constructor
  source:
    remote: *o0
    path: Source/Nine.Graphics.UI/Controls/TextBlock.cs
    startLine: 113
  summary: Initializes a new instance of [Nine.Graphics.UI.Controls.TextBlock](api/Nine.Graphics.UI.Controls.TextBlock.yml) with font.
  syntax:
    content:
      CSharp: public TextBlock(SpriteFont Font, string text)
    parameters:
    - id: Font
      type:
        id: SpriteFont
        name: SpriteFont
        isExternal: true
      description: Font
    - id: text
      type:
        id: System.String
        name: string
        isExternal: true
      description: Text
  id: Nine.Graphics.UI.Controls.TextBlock.#ctor(SpriteFont,System.String)
- uid: Nine.Graphics.UI.Controls.TextBlock.OnMouseDown(Nine.MouseEventArgs)
  href: Nine.Graphics.UI.Controls.TextBlock.yml
  name: OnMouseDown(MouseEventArgs)
  fullName: Nine.Graphics.UI.Controls.TextBlock.OnMouseDown(Nine.MouseEventArgs)
  type: Method
  source:
    remote: *o0
    path: Source/Nine.Graphics.UI/Controls/TextBlock.cs
    startLine: 127
  syntax:
    content:
      CSharp: protected override void OnMouseDown(MouseEventArgs e)
    parameters:
    - id: e
      type:
        id: Nine.MouseEventArgs
        name: MouseEventArgs
        href: Nine.MouseEventArgs
  id: Nine.Graphics.UI.Controls.TextBlock.OnMouseDown(Nine.MouseEventArgs)
- uid: Nine.Graphics.UI.Controls.TextBlock.OnRender(Nine.Graphics.UI.Renderer.Renderer)
  href: Nine.Graphics.UI.Controls.TextBlock.yml
  name: OnRender(Renderer)
  fullName: Nine.Graphics.UI.Controls.TextBlock.OnRender(Nine.Graphics.UI.Renderer.Renderer)
  type: Method
  source:
    remote: *o0
    path: Source/Nine.Graphics.UI/Controls/TextBlock.cs
    startLine: 132
  syntax:
    content:
      CSharp: protected override void OnRender(Renderer renderer)
    parameters:
    - id: renderer
      type:
        id: Nine.Graphics.UI.Renderer.Renderer
        name: Renderer
        href: Nine.Graphics.UI.Renderer.Renderer.yml
  id: Nine.Graphics.UI.Controls.TextBlock.OnRender(Nine.Graphics.UI.Renderer.Renderer)
- uid: Nine.Graphics.UI.Controls.TextBlock.ArrangeOverride(Vector2)
  href: Nine.Graphics.UI.Controls.TextBlock.yml
  name: ArrangeOverride(Vector2)
  fullName: Nine.Graphics.UI.Controls.TextBlock.ArrangeOverride(Vector2)
  type: Method
  source:
    remote: *o0
    path: Source/Nine.Graphics.UI/Controls/TextBlock.cs
    startLine: 144
  syntax:
    content:
      CSharp: protected override Vector2 ArrangeOverride(Vector2 finalSize)
    parameters:
    - id: finalSize
      type:
        id: Vector2
        name: Vector2
        isExternal: true
    return:
      id: Vector2
      type:
        id: Vector2
        name: Vector2
        isExternal: true
  id: Nine.Graphics.UI.Controls.TextBlock.ArrangeOverride(Vector2)
- uid: Nine.Graphics.UI.Controls.TextBlock.MeasureOverride(Vector2)
  href: Nine.Graphics.UI.Controls.TextBlock.yml
  name: MeasureOverride(Vector2)
  fullName: Nine.Graphics.UI.Controls.TextBlock.MeasureOverride(Vector2)
  type: Method
  source:
    remote: *o0
    path: Source/Nine.Graphics.UI/Controls/TextBlock.cs
    startLine: 149
  syntax:
    content:
      CSharp: protected override Vector2 MeasureOverride(Vector2 availableSize)
    parameters:
    - id: availableSize
      type:
        id: Vector2
        name: Vector2
        isExternal: true
    return:
      id: Vector2
      type:
        id: Vector2
        name: Vector2
        isExternal: true
  id: Nine.Graphics.UI.Controls.TextBlock.MeasureOverride(Vector2)
